
Microsoft Visual Studio Solution File, Format Version 12.00
# Visual Studio Version 17
VisualStudioVersion = 17.5.002.0
MinimumVisualStudioVersion = 10.0.40219.1
Project("{9A19103F-16F7-4668-BE54-9A1E7A4F7556}") = "Api.Domain", "Api.Domain.csproj", "{0419AB88-ABC4-48DF-93A4-B231E30C5503}"
EndProject
Global
	GlobalSection(SolutionConfigurationPlatforms) = preSolution
		Debug|Any CPU = Debug|Any CPU
		Release|Any CPU = Release|Any CPU
	EndGlobalSection
	GlobalSection(ProjectConfigurationPlatforms) = postSolution
		{0419AB88-ABC4-48DF-93A4-B231E30C5503}.Debug|Any CPU.ActiveCfg = Debug|Any CPU
		{0419AB88-ABC4-48DF-93A4-B231E30C5503}.Debug|Any CPU.Build.0 = Debug|Any CPU
		{0419AB88-ABC4-48DF-93A4-B231E30C5503}.Release|Any CPU.ActiveCfg = Release|Any CPU
		{0419AB88-ABC4-48DF-93A4-B231E30C5503}.Release|Any CPU.Build.0 = Release|Any CPU
	EndGlobalSection
	GlobalSection(SolutionProperties) = preSolution
		HideSolutionNode = FALSE
	EndGlobalSection
	GlobalSection(ExtensibilityGlobals) = postSolution
		SolutionGuid = {4511AEB1-C147-44D7-90A6-524FF0037BF2}
	EndGlobalSection
EndGlobal
